// !$*UTF8*$!
{
	archiveVersion = 1;
	classes = {
	};
	objectVersion = 48;
	objects = {

/* Begin PBXBuildFile section */
		37D575692077550600FA6E2F /* AppDelegate.m in Sources */ = {isa = PBXBuildFile; fileRef = 37D575682077550600FA6E2F /* AppDelegate.m */; };
		37D5756C2077550600FA6E2F /* ViewController.m in Sources */ = {isa = PBXBuildFile; fileRef = 37D5756B2077550600FA6E2F /* ViewController.m */; };
		37D5756F2077550600FA6E2F /* Main.storyboard in Resources */ = {isa = PBXBuildFile; fileRef = 37D5756D2077550600FA6E2F /* Main.storyboard */; };
		37D575712077550600FA6E2F /* Assets.xcassets in Resources */ = {isa = PBXBuildFile; fileRef = 37D575702077550600FA6E2F /* Assets.xcassets */; };
		37D575742077550600FA6E2F /* LaunchScreen.storyboard in Resources */ = {isa = PBXBuildFile; fileRef = 37D575722077550600FA6E2F /* LaunchScreen.storyboard */; };
		37D575772077550600FA6E2F /* main.m in Sources */ = {isa = PBXBuildFile; fileRef = 37D575762077550600FA6E2F /* main.m */; };
		37D575812077550600FA6E2F /* EncryptionTests.m in Sources */ = {isa = PBXBuildFile; fileRef = 37D575802077550600FA6E2F /* EncryptionTests.m */; };
		37D5758C2077550600FA6E2F /* EncryptionUITests.m in Sources */ = {isa = PBXBuildFile; fileRef = 37D5758B2077550600FA6E2F /* EncryptionUITests.m */; };
		37D5759B20775EDE00FA6E2F /* DetailVC.m in Sources */ = {isa = PBXBuildFile; fileRef = 37D5759A20775EDE00FA6E2F /* DetailVC.m */; };
		37D575AB2077764500FA6E2F /* GTMBase64.m in Sources */ = {isa = PBXBuildFile; fileRef = 37D575A62077764500FA6E2F /* GTMBase64.m */; };
		37D575AC2077764500FA6E2F /* JKEncrypt.m in Sources */ = {isa = PBXBuildFile; fileRef = 37D575A92077764500FA6E2F /* JKEncrypt.m */; };
		37D575AF207779EB00FA6E2F /* RSA.m in Sources */ = {isa = PBXBuildFile; fileRef = 37D575AE207779EB00FA6E2F /* RSA.m */; };
		37D575B22078741D00FA6E2F /* NSString+WJ.m in Sources */ = {isa = PBXBuildFile; fileRef = 37D575B12078741D00FA6E2F /* NSString+WJ.m */; };
/* End PBXBuildFile section */

/* Begin PBXContainerItemProxy section */
		37D5757D2077550600FA6E2F /* PBXContainerItemProxy */ = {
			isa = PBXContainerItemProxy;
			containerPortal = 37D5755C2077550600FA6E2F /* Project object */;
			proxyType = 1;
			remoteGlobalIDString = 37D575632077550600FA6E2F;
			remoteInfo = Encryption;
		};
		37D575882077550600FA6E2F /* PBXContainerItemProxy */ = {
			isa = PBXContainerItemProxy;
			containerPortal = 37D5755C2077550600FA6E2F /* Project object */;
			proxyType = 1;
			remoteGlobalIDString = 37D575632077550600FA6E2F;
			remoteInfo = Encryption;
		};
/* End PBXContainerItemProxy section */

/* Begin PBXFileReference section */
		37D575642077550600FA6E2F /* Encryption.app */ = {isa = PBXFileReference; explicitFileType = wrapper.application; includeInIndex = 0; path = Encryption.app; sourceTree = BUILT_PRODUCTS_DIR; };
		37D575672077550600FA6E2F /* AppDelegate.h */ = {isa = PBXFileReference; lastKnownFileType = sourcecode.c.h; path = AppDelegate.h; sourceTree = "<group>"; };
		37D575682077550600FA6E2F /* AppDelegate.m */ = {isa = PBXFileReference; lastKnownFileType = sourcecode.c.objc; path = AppDelegate.m; sourceTree = "<group>"; };
		37D5756A2077550600FA6E2F /* ViewController.h */ = {isa = PBXFileReference; lastKnownFileType = sourcecode.c.h; path = ViewController.h; sourceTree = "<group>"; };
		37D5756B2077550600FA6E2F /* ViewController.m */ = {isa = PBXFileReference; lastKnownFileType = sourcecode.c.objc; path = ViewController.m; sourceTree = "<group>"; };
		37D5756E2077550600FA6E2F /* Base */ = {isa = PBXFileReference; lastKnownFileType = file.storyboard; name = Base; path = Base.lproj/Main.storyboard; sourceTree = "<group>"; };
		37D575702077550600FA6E2F /* Assets.xcassets */ = {isa = PBXFileReference; lastKnownFileType = folder.assetcatalog; path = Assets.xcassets; sourceTree = "<group>"; };
		37D575732077550600FA6E2F /* Base */ = {isa = PBXFileReference; lastKnownFileType = file.storyboard; name = Base; path = Base.lproj/LaunchScreen.storyboard; sourceTree = "<group>"; };
		37D575752077550600FA6E2F /* Info.plist */ = {isa = PBXFileReference; lastKnownFileType = text.plist.xml; path = Info.plist; sourceTree = "<group>"; };
		37D575762077550600FA6E2F /* main.m */ = {isa = PBXFileReference; lastKnownFileType = sourcecode.c.objc; path = main.m; sourceTree = "<group>"; };
		37D5757C2077550600FA6E2F /* EncryptionTests.xctest */ = {isa = PBXFileReference; explicitFileType = wrapper.cfbundle; includeInIndex = 0; path = EncryptionTests.xctest; sourceTree = BUILT_PRODUCTS_DIR; };
		37D575802077550600FA6E2F /* EncryptionTests.m */ = {isa = PBXFileReference; lastKnownFileType = sourcecode.c.objc; path = EncryptionTests.m; sourceTree = "<group>"; };
		37D575822077550600FA6E2F /* Info.plist */ = {isa = PBXFileReference; lastKnownFileType = text.plist.xml; path = Info.plist; sourceTree = "<group>"; };
		37D575872077550600FA6E2F /* EncryptionUITests.xctest */ = {isa = PBXFileReference; explicitFileType = wrapper.cfbundle; includeInIndex = 0; path = EncryptionUITests.xctest; sourceTree = BUILT_PRODUCTS_DIR; };
		37D5758B2077550600FA6E2F /* EncryptionUITests.m */ = {isa = PBXFileReference; lastKnownFileType = sourcecode.c.objc; path = EncryptionUITests.m; sourceTree = "<group>"; };
		37D5758D2077550600FA6E2F /* Info.plist */ = {isa = PBXFileReference; lastKnownFileType = text.plist.xml; path = Info.plist; sourceTree = "<group>"; };
		37D5759920775EDE00FA6E2F /* DetailVC.h */ = {isa = PBXFileReference; lastKnownFileType = sourcecode.c.h; path = DetailVC.h; sourceTree = "<group>"; };
		37D5759A20775EDE00FA6E2F /* DetailVC.m */ = {isa = PBXFileReference; lastKnownFileType = sourcecode.c.objc; path = DetailVC.m; sourceTree = "<group>"; };
		37D575A52077764500FA6E2F /* GTMBase64.h */ = {isa = PBXFileReference; fileEncoding = 4; lastKnownFileType = sourcecode.c.h; path = GTMBase64.h; sourceTree = "<group>"; };
		37D575A62077764500FA6E2F /* GTMBase64.m */ = {isa = PBXFileReference; fileEncoding = 4; lastKnownFileType = sourcecode.c.objc; path = GTMBase64.m; sourceTree = "<group>"; };
		37D575A72077764500FA6E2F /* GTMDefines.h */ = {isa = PBXFileReference; fileEncoding = 4; lastKnownFileType = sourcecode.c.h; path = GTMDefines.h; sourceTree = "<group>"; };
		37D575A82077764500FA6E2F /* JKEncrypt.h */ = {isa = PBXFileReference; fileEncoding = 4; lastKnownFileType = sourcecode.c.h; path = JKEncrypt.h; sourceTree = "<group>"; };
		37D575A92077764500FA6E2F /* JKEncrypt.m */ = {isa = PBXFileReference; fileEncoding = 4; lastKnownFileType = sourcecode.c.objc; path = JKEncrypt.m; sourceTree = "<group>"; };
		37D575AD207779EB00FA6E2F /* RSA.h */ = {isa = PBXFileReference; fileEncoding = 4; lastKnownFileType = sourcecode.c.h; path = RSA.h; sourceTree = "<group>"; };
		37D575AE207779EB00FA6E2F /* RSA.m */ = {isa = PBXFileReference; fileEncoding = 4; lastKnownFileType = sourcecode.c.objc; path = RSA.m; sourceTree = "<group>"; };
		37D575B02078741D00FA6E2F /* NSString+WJ.h */ = {isa = PBXFileReference; lastKnownFileType = sourcecode.c.h; path = "NSString+WJ.h"; sourceTree = "<group>"; };
		37D575B12078741D00FA6E2F /* NSString+WJ.m */ = {isa = PBXFileReference; lastKnownFileType = sourcecode.c.objc; path = "NSString+WJ.m"; sourceTree = "<group>"; };
/* End PBXFileReference section */

/* Begin PBXFrameworksBuildPhase section */
		37D575612077550600FA6E2F /* Frameworks */ = {
			isa = PBXFrameworksBuildPhase;
			buildActionMask = 2147483647;
			files = (
			);
			runOnlyForDeploymentPostprocessing = 0;
		};
		37D575792077550600FA6E2F /* Frameworks */ = {
			isa = PBXFrameworksBuildPhase;
			buildActionMask = 2147483647;
			files = (
			);
			runOnlyForDeploymentPostprocessing = 0;
		};
		37D575842077550600FA6E2F /* Frameworks */ = {
			isa = PBXFrameworksBuildPhase;
			buildActionMask = 2147483647;
			files = (
			);
			runOnlyForDeploymentPostprocessing = 0;
		};
/* End PBXFrameworksBuildPhase section */

/* Begin PBXGroup section */
		37D5755B2077550600FA6E2F = {
			isa = PBXGroup;
			children = (
				37D575662077550600FA6E2F /* Encryption */,
				37D5757F2077550600FA6E2F /* EncryptionTests */,
				37D5758A2077550600FA6E2F /* EncryptionUITests */,
				37D575652077550600FA6E2F /* Products */,
			);
			sourceTree = "<group>";
		};
		37D575652077550600FA6E2F /* Products */ = {
			isa = PBXGroup;
			children = (
				37D575642077550600FA6E2F /* Encryption.app */,
				37D5757C2077550600FA6E2F /* EncryptionTests.xctest */,
				37D575872077550600FA6E2F /* EncryptionUITests.xctest */,
			);
			name = Products;
			sourceTree = "<group>";
		};
		37D575662077550600FA6E2F /* Encryption */ = {
			isa = PBXGroup;
			children = (
				37D5759C2077731A00FA6E2F /* Third */,
				37D575672077550600FA6E2F /* AppDelegate.h */,
				37D575682077550600FA6E2F /* AppDelegate.m */,
				37D575B02078741D00FA6E2F /* NSString+WJ.h */,
				37D575B12078741D00FA6E2F /* NSString+WJ.m */,
				37D5756A2077550600FA6E2F /* ViewController.h */,
				37D5756B2077550600FA6E2F /* ViewController.m */,
				37D5759920775EDE00FA6E2F /* DetailVC.h */,
				37D5759A20775EDE00FA6E2F /* DetailVC.m */,
				37D5756D2077550600FA6E2F /* Main.storyboard */,
				37D575702077550600FA6E2F /* Assets.xcassets */,
				37D575722077550600FA6E2F /* LaunchScreen.storyboard */,
				37D575752077550600FA6E2F /* Info.plist */,
				37D575762077550600FA6E2F /* main.m */,
			);
			path = Encryption;
			sourceTree = "<group>";
		};
		37D5757F2077550600FA6E2F /* EncryptionTests */ = {
			isa = PBXGroup;
			children = (
				37D575802077550600FA6E2F /* EncryptionTests.m */,
				37D575822077550600FA6E2F /* Info.plist */,
			);
			path = EncryptionTests;
			sourceTree = "<group>";
		};
		37D5758A2077550600FA6E2F /* EncryptionUITests */ = {
			isa = PBXGroup;
			children = (
				37D5758B2077550600FA6E2F /* EncryptionUITests.m */,
				37D5758D2077550600FA6E2F /* Info.plist */,
			);
			path = EncryptionUITests;
			sourceTree = "<group>";
		};
		37D5759C2077731A00FA6E2F /* Third */ = {
			isa = PBXGroup;
			children = (
				37D575A42077764500FA6E2F /* 3des */,
				37D575AA2077764500FA6E2F /* rsa */,
			);
			path = Third;
			sourceTree = "<group>";
		};
		37D575A42077764500FA6E2F /* 3des */ = {
			isa = PBXGroup;
			children = (
				37D575A52077764500FA6E2F /* GTMBase64.h */,
				37D575A62077764500FA6E2F /* GTMBase64.m */,
				37D575A72077764500FA6E2F /* GTMDefines.h */,
				37D575A82077764500FA6E2F /* JKEncrypt.h */,
				37D575A92077764500FA6E2F /* JKEncrypt.m */,
			);
			path = 3des;
			sourceTree = "<group>";
		};
		37D575AA2077764500FA6E2F /* rsa */ = {
			isa = PBXGroup;
			children = (
				37D575AD207779EB00FA6E2F /* RSA.h */,
				37D575AE207779EB00FA6E2F /* RSA.m */,
			);
			path = rsa;
			sourceTree = "<group>";
		};
/* End PBXGroup section */

/* Begin PBXNativeTarget section */
		37D575632077550600FA6E2F /* Encryption */ = {
			isa = PBXNativeTarget;
			buildConfigurationList = 37D575902077550600FA6E2F /* Build configuration list for PBXNativeTarget "Encryption" */;
			buildPhases = (
				37D575602077550600FA6E2F /* Sources */,
				37D575612077550600FA6E2F /* Frameworks */,
				37D575622077550600FA6E2F /* Resources */,
			);
			buildRules = (
			);
			dependencies = (
			);
			name = Encryption;
			productName = Encryption;
			productReference = 37D575642077550600FA6E2F /* Encryption.app */;
			productType = "com.apple.product-type.application";
		};
		37D5757B2077550600FA6E2F /* EncryptionTests */ = {
			isa = PBXNativeTarget;
			buildConfigurationList = 37D575932077550600FA6E2F /* Build configuration list for PBXNativeTarget "EncryptionTests" */;
			buildPhases = (
				37D575782077550600FA6E2F /* Sources */,
				37D575792077550600FA6E2F /* Frameworks */,
				37D5757A2077550600FA6E2F /* Resources */,
			);
			buildRules = (
			);
			dependencies = (
				37D5757E2077550600FA6E2F /* PBXTargetDependency */,
			);
			name = EncryptionTests;
			productName = EncryptionTests;
			productReference = 37D5757C2077550600FA6E2F /* EncryptionTests.xctest */;
			productType = "com.apple.product-type.bundle.unit-test";
		};
		37D575862077550600FA6E2F /* EncryptionUITests */ = {
			isa = PBXNativeTarget;
			buildConfigurationList = 37D575962077550600FA6E2F /* Build configuration list for PBXNativeTarget "EncryptionUITests" */;
			buildPhases = (
				37D575832077550600FA6E2F /* Sources */,
				37D575842077550600FA6E2F /* Frameworks */,
				37D575852077550600FA6E2F /* Resources */,
			);
			buildRules = (
			);
			dependencies = (
				37D575892077550600FA6E2F /* PBXTargetDependency */,
			);
			name = EncryptionUITests;
			productName = EncryptionUITests;
			productReference = 37D575872077550600FA6E2F /* EncryptionUITests.xctest */;
			productType = "com.apple.product-type.bundle.ui-testing";
		};
/* End PBXNativeTarget section */

/* Begin PBXProject section */
		37D5755C2077550600FA6E2F /* Project object */ = {
			isa = PBXProject;
			attributes = {
				LastUpgradeCheck = 0920;
				ORGANIZATIONNAME = WJ;
				TargetAttributes = {
					37D575632077550600FA6E2F = {
						CreatedOnToolsVersion = 9.2;
						ProvisioningStyle = Automatic;
					};
					37D5757B2077550600FA6E2F = {
						CreatedOnToolsVersion = 9.2;
						ProvisioningStyle = Automatic;
						TestTargetID = 37D575632077550600FA6E2F;
					};
					37D575862077550600FA6E2F = {
						CreatedOnToolsVersion = 9.2;
						ProvisioningStyle = Automatic;
						TestTargetID = 37D575632077550600FA6E2F;
					};
				};
			};
			buildConfigurationList = 37D5755F2077550600FA6E2F /* Build configuration list for PBXProject "Encryption" */;
			compatibilityVersion = "Xcode 8.0";
			developmentRegion = en;
			hasScannedForEncodings = 0;
			knownRegions = (
				en,
				Base,
			);
			mainGroup = 37D5755B2077550600FA6E2F;
			productRefGroup = 37D575652077550600FA6E2F /* Products */;
			projectDirPath = "";
			projectRoot = "";
			targets = (
				37D575632077550600FA6E2F /* Encryption */,
				37D5757B2077550600FA6E2F /* EncryptionTests */,
				37D575862077550600FA6E2F /* EncryptionUITests */,
			);
		};
/* End PBXProject section */

/* Begin PBXResourcesBuildPhase section */
		37D575622077550600FA6E2F /* Resources */ = {
			isa = PBXResourcesBuildPhase;
			buildActionMask = 2147483647;
			files = (
				37D575742077550600FA6E2F /* LaunchScreen.storyboard in Resources */,
				37D575712077550600FA6E2F /* Assets.xcassets in Resources */,
				37D5756F2077550600FA6E2F /* Main.storyboard in Resources */,
			);
			runOnlyForDeploymentPostprocessing = 0;
		};
		37D5757A2077550600FA6E2F /* Resources */ = {
			isa = PBXResourcesBuildPhase;
			buildActionMask = 2147483647;
			files = (
			);
			runOnlyForDeploymentPostprocessing = 0;
		};
		37D575852077550600FA6E2F /* Resources */ = {
			isa = PBXResourcesBuildPhase;
			buildActionMask = 2147483647;
			files = (
			);
			runOnlyForDeploymentPostprocessing = 0;
		};
/* End PBXResourcesBuildPhase section */

/* Begin PBXSourcesBuildPhase section */
		37D575602077550600FA6E2F /* Sources */ = {
			isa = PBXSourcesBuildPhase;
			buildActionMask = 2147483647;
			files = (
				37D575AF207779EB00FA6E2F /* RSA.m in Sources */,
				37D5756C2077550600FA6E2F /* ViewController.m in Sources */,
				37D5759B20775EDE00FA6E2F /* DetailVC.m in Sources */,
				37D575AC2077764500FA6E2F /* JKEncrypt.m in Sources */,
				37D575B22078741D00FA6E2F /* NSString+WJ.m in Sources */,
				37D575AB2077764500FA6E2F /* GTMBase64.m in Sources */,
				37D575772077550600FA6E2F /* main.m in Sources */,
				37D575692077550600FA6E2F /* AppDelegate.m in Sources */,
			);
			runOnlyForDeploymentPostprocessing = 0;
		};
		37D575782077550600FA6E2F /* Sources */ = {
			isa = PBXSourcesBuildPhase;
			buildActionMask = 2147483647;
			files = (
				37D575812077550600FA6E2F /* EncryptionTests.m in Sources */,
			);
			runOnlyForDeploymentPostprocessing = 0;
		};
		37D575832077550600FA6E2F /* Sources */ = {
			isa = PBXSourcesBuildPhase;
			buildActionMask = 2147483647;
			files = (
				37D5758C2077550600FA6E2F /* EncryptionUITests.m in Sources */,
			);
			runOnlyForDeploymentPostprocessing = 0;
		};
/* End PBXSourcesBuildPhase section */

/* Begin PBXTargetDependency section */
		37D5757E2077550600FA6E2F /* PBXTargetDependency */ = {
			isa = PBXTargetDependency;
			target = 37D575632077550600FA6E2F /* Encryption */;
			targetProxy = 37D5757D2077550600FA6E2F /* PBXContainerItemProxy */;
		};
		37D575892077550600FA6E2F /* PBXTargetDependency */ = {
			isa = PBXTargetDependency;
			target = 37D575632077550600FA6E2F /* Encryption */;
			targetProxy = 37D575882077550600FA6E2F /* PBXContainerItemProxy */;
		};
/* End PBXTargetDependency section */

/* Begin PBXVariantGroup section */
		37D5756D2077550600FA6E2F /* Main.storyboard */ = {
			isa = PBXVariantGroup;
			children = (
				37D5756E2077550600FA6E2F /* Base */,
			);
			name = Main.storyboard;
			sourceTree = "<group>";
		};
		37D575722077550600FA6E2F /* LaunchScreen.storyboard */ = {
			isa = PBXVariantGroup;
			children = (
				37D575732077550600FA6E2F /* Base */,
			);
			name = LaunchScreen.storyboard;
			sourceTree = "<group>";
		};
/* End PBXVariantGroup section */

/* Begin XCBuildConfiguration section */
		37D5758E2077550600FA6E2F /* Debug */ = {
			isa = XCBuildConfiguration;
			buildSettings = {
				ALWAYS_SEARCH_USER_PATHS = NO;
				CLANG_ANALYZER_NONNULL = YES;
				CLANG_ANALYZER_NUMBER_OBJECT_CONVERSION = YES_AGGRESSIVE;
				CLANG_CXX_LANGUAGE_STANDARD = "gnu++14";
				CLANG_CXX_LIBRARY = "libc++";
				CLANG_ENABLE_MODULES = YES;
				CLANG_ENABLE_OBJC_ARC = YES;
				CLANG_WARN_BLOCK_CAPTURE_AUTORELEASING = YES;
				CLANG_WARN_BOOL_CONVERSION = YES;
				CLANG_WARN_COMMA = YES;
				CLANG_WARN_CONSTANT_CONVERSION = YES;
				CLANG_WARN_DIRECT_OBJC_ISA_USAGE = YES_ERROR;
				CLANG_WARN_DOCUMENTATION_COMMENTS = YES;
				CLANG_WARN_EMPTY_BODY = YES;
				CLANG_WARN_ENUM_CONVERSION = YES;
				CLANG_WARN_INFINITE_RECURSION = YES;
				CLANG_WARN_INT_CONVERSION = YES;
				CLANG_WARN_NON_LITERAL_NULL_CONVERSION = YES;
				CLANG_WARN_OBJC_LITERAL_CONVERSION = YES;
				CLANG_WARN_OBJC_ROOT_CLASS = YES_ERROR;
				CLANG_WARN_RANGE_LOOP_ANALYSIS = YES;
				CLANG_WARN_STRICT_PROTOTYPES = YES;
				CLANG_WARN_SUSPICIOUS_MOVE = YES;
				CLANG_WARN_UNGUARDED_AVAILABILITY = YES_AGGRESSIVE;
				CLANG_WARN_UNREACHABLE_CODE = YES;
				CLANG_WARN__DUPLICATE_METHOD_MATCH = YES;
				CODE_SIGN_IDENTITY = "iPhone Developer";
				COPY_PHASE_STRIP = NO;
				DEBUG_INFORMATION_FORMAT = dwarf;
				ENABLE_STRICT_OBJC_MSGSEND = YES;
				ENABLE_TESTABILITY = YES;
				GCC_C_LANGUAGE_STANDARD = gnu11;
				GCC_DYNAMIC_NO_PIC = NO;
				GCC_NO_COMMON_BLOCKS = YES;
				GCC_OPTIMIZATION_LEVEL = 0;
				GCC_PREPROCESSOR_DEFINITIONS = (
					"DEBUG=1",
					"$(inherited)",
				);
				GCC_WARN_64_TO_32_BIT_CONVERSION = YES;
				GCC_WARN_ABOUT_RETURN_TYPE = YES_ERROR;
				GCC_WARN_UNDECLARED_SELECTOR = YES;
				GCC_WARN_UNINITIALIZED_AUTOS = YES_AGGRESSIVE;
				GCC_WARN_UNUSED_FUNCTION = YES;
				GCC_WARN_UNUSED_VARIABLE = YES;
				IPHONEOS_DEPLOYMENT_TARGET = 11.2;
				MTL_ENABLE_DEBUG_INFO = YES;
				ONLY_ACTIVE_ARCH = YES;
				SDKROOT = iphoneos;
			};
			name = Debug;
		};
		37D5758F2077550600FA6E2F /* Release */ = {
			isa = XCBuildConfiguration;
			buildSettings = {
				ALWAYS_SEARCH_USER_PATHS = NO;
				CLANG_ANALYZER_NONNULL = YES;
				CLANG_ANALYZER_NUMBER_OBJECT_CONVERSION = YES_AGGRESSIVE;
				CLANG_CXX_LANGUAGE_STANDARD = "gnu++14";
				CLANG_CXX_LIBRARY = "libc++";
				CLANG_ENABLE_MODULES = YES;
				CLANG_ENABLE_OBJC_ARC = YES;
				CLANG_WARN_BLOCK_CAPTURE_AUTORELEASING = YES;
				CLANG_WARN_BOOL_CONVERSION = YES;
				CLANG_WARN_COMMA = YES;
				CLANG_WARN_CONSTANT_CONVERSION = YES;
				CLANG_WARN_DIRECT_OBJC_ISA_USAGE = YES_ERROR;
				CLANG_WARN_DOCUMENTATION_COMMENTS = YES;
				CLANG_WARN_EMPTY_BODY = YES;
				CLANG_WARN_ENUM_CONVERSION = YES;
				CLANG_WARN_INFINITE_RECURSION = YES;
				CLANG_WARN_INT_CONVERSION = YES;
				CLANG_WARN_NON_LITERAL_NULL_CONVERSION = YES;
				CLANG_WARN_OBJC_LITERAL_CONVERSION = YES;
				CLANG_WARN_OBJC_ROOT_CLASS = YES_ERROR;
				CLANG_WARN_RANGE_LOOP_ANALYSIS = YES;
				CLANG_WARN_STRICT_PROTOTYPES = YES;
				CLANG_WARN_SUSPICIOUS_MOVE = YES;
				CLANG_WARN_UNGUARDED_AVAILABILITY = YES_AGGRESSIVE;
				CLANG_WARN_UNREACHABLE_CODE = YES;
				CLANG_WARN__DUPLICATE_METHOD_MATCH = YES;
				CODE_SIGN_IDENTITY = "iPhone Developer";
				COPY_PHASE_STRIP = NO;
				DEBUG_INFORMATION_FORMAT = "dwarf-with-dsym";
				ENABLE_NS_ASSERTIONS = NO;
				ENABLE_STRICT_OBJC_MSGSEND = YES;
				GCC_C_LANGUAGE_STANDARD = gnu11;
				GCC_NO_COMMON_BLOCKS = YES;
				GCC_WARN_64_TO_32_BIT_CONVERSION = YES;
				GCC_WARN_ABOUT_RETURN_TYPE = YES_ERROR;
				GCC_WARN_UNDECLARED_SELECTOR = YES;
				GCC_WARN_UNINITIALIZED_AUTOS = YES_AGGRESSIVE;
				GCC_WARN_UNUSED_FUNCTION = YES;
				GCC_WARN_UNUSED_VARIABLE = YES;
				IPHONEOS_DEPLOYMENT_TARGET = 11.2;
				MTL_ENABLE_DEBUG_INFO = NO;
				SDKROOT = iphoneos;
				VALIDATE_PRODUCT = YES;
			};
			name = Release;
		};
		37D575912077550600FA6E2F /* Debug */ = {
			isa = XCBuildConfiguration;
			buildSettings = {
				ASSETCATALOG_COMPILER_APPICON_NAME = AppIcon;
				CODE_SIGN_STYLE = Automatic;
				DEVELOPMENT_TEAM = C5M93H4953;
				INFOPLIST_FILE = Encryption/Info.plist;
				LD_RUNPATH_SEARCH_PATHS = "$(inherited) @executable_path/Frameworks";
				PRODUCT_BUNDLE_IDENTIFIER = com.laowei.com.Encryption;
				PRODUCT_NAME = "$(TARGET_NAME)";
				TARGETED_DEVICE_FAMILY = "1,2";
			};
			name = Debug;
		};
		37D575922077550600FA6E2F /* Release */ = {
			isa = XCBuildConfiguration;
			buildSettings = {
				ASSETCATALOG_COMPILER_APPICON_NAME = AppIcon;
				CODE_SIGN_STYLE = Automatic;
				DEVELOPMENT_TEAM = C5M93H4953;
				INFOPLIST_FILE = Encryption/Info.plist;
				LD_RUNPATH_SEARCH_PATHS = "$(inherited) @executable_path/Frameworks";
				PRODUCT_BUNDLE_IDENTIFIER = com.laowei.com.Encryption;
				PRODUCT_NAME = "$(TARGET_NAME)";
				TARGETED_DEVICE_FAMILY = "1,2";
			};
			name = Release;
		};
		37D575942077550600FA6E2F /* Debug */ = {
			isa = XCBuildConfiguration;
			buildSettings = {
				BUNDLE_LOADER = "$(TEST_HOST)";
				CODE_SIGN_STYLE = Automatic;
				DEVELOPMENT_TEAM = C5M93H4953;
				INFOPLIST_FILE = EncryptionTests/Info.plist;
				LD_RUNPATH_SEARCH_PATHS = "$(inherited) @executable_path/Frameworks @loader_path/Frameworks";
				PRODUCT_BUNDLE_IDENTIFIER = com.laowei.com.EncryptionTests;
				PRODUCT_NAME = "$(TARGET_NAME)";
				TARGETED_DEVICE_FAMILY = "1,2";
				TEST_HOST = "$(BUILT_PRODUCTS_DIR)/Encryption.app/Encryption";
			};
			name = Debug;
		};
		37D575952077550600FA6E2F /* Release */ = {
			isa = XCBuildConfiguration;
			buildSettings = {
				BUNDLE_LOADER = "$(TEST_HOST)";
				CODE_SIGN_STYLE = Automatic;
				DEVELOPMENT_TEAM = C5M93H4953;
				INFOPLIST_FILE = EncryptionTests/Info.plist;
				LD_RUNPATH_SEARCH_PATHS = "$(inherited) @executable_path/Frameworks @loader_path/Frameworks";
				PRODUCT_BUNDLE_IDENTIFIER = com.laowei.com.EncryptionTests;
				PRODUCT_NAME = "$(TARGET_NAME)";
				TARGETED_DEVICE_FAMILY = "1,2";
				TEST_HOST = "$(BUILT_PRODUCTS_DIR)/Encryption.app/Encryption";
			};
			name = Release;
		};
		37D575972077550600FA6E2F /* Debug */ = {
			isa = XCBuildConfiguration;
			buildSettings = {
				CODE_SIGN_STYLE = Automatic;
				DEVELOPMENT_TEAM = C5M93H4953;
				INFOPLIST_FILE = EncryptionUITests/Info.plist;
				LD_RUNPATH_SEARCH_PATHS = "$(inherited) @executable_path/Frameworks @loader_path/Frameworks";
				PRODUCT_BUNDLE_IDENTIFIER = com.laowei.com.EncryptionUITests;
				PRODUCT_NAME = "$(TARGET_NAME)";
				TARGETED_DEVICE_FAMILY = "1,2";
				TEST_TARGET_NAME = Encryption;
			};
			name = Debug;
		};
		37D575982077550600FA6E2F /* Release */ = {
			isa = XCBuildConfiguration;
			buildSettings = {
				CODE_SIGN_STYLE = Automatic;
				DEVELOPMENT_TEAM = C5M93H4953;
				INFOPLIST_FILE = EncryptionUITests/Info.plist;
				LD_RUNPATH_SEARCH_PATHS = "$(inherited) @executable_path/Frameworks @loader_path/Frameworks";
				PRODUCT_BUNDLE_IDENTIFIER = com.laowei.com.EncryptionUITests;
				PRODUCT_NAME = "$(TARGET_NAME)";
				TARGETED_DEVICE_FAMILY = "1,2";
				TEST_TARGET_NAME = Encryption;
			};
			name = Release;
		};
/* End XCBuildConfiguration section */

/* Begin XCConfigurationList section */
		37D5755F2077550600FA6E2F /* Build configuration list for PBXProject "Encryption" */ = {
			isa = XCConfigurationList;
			buildConfigurations = (
				37D5758E2077550600FA6E2F /* Debug */,
				37D5758F2077550600FA6E2F /* Release */,
			);
			defaultConfigurationIsVisible = 0;
			defaultConfigurationName = Release;
		};
		37D575902077550600FA6E2F /* Build configuration list for PBXNativeTarget "Encryption" */ = {
			isa = XCConfigurationList;
			buildConfigurations = (
				37D575912077550600FA6E2F /* Debug */,
				37D575922077550600FA6E2F /* Release */,
			);
			defaultConfigurationIsVisible = 0;
			defaultConfigurationName = Release;
		};
		37D575932077550600FA6E2F /* Build configuration list for PBXNativeTarget "EncryptionTests" */ = {
			isa = XCConfigurationList;
			buildConfigurations = (
				37D575942077550600FA6E2F /* Debug */,
				37D575952077550600FA6E2F /* Release */,
			);
			defaultConfigurationIsVisible = 0;
			defaultConfigurationName = Release;
		};
		37D575962077550600FA6E2F /* Build configuration list for PBXNativeTarget "EncryptionUITests" */ = {
			isa = XCConfigurationList;
			buildConfigurations = (
				37D575972077550600FA6E2F /* Debug */,
				37D575982077550600FA6E2F /* Release */,
			);
			defaultConfigurationIsVisible = 0;
			defaultConfigurationName = Release;
		};
/* End XCConfigurationList section */
	};
	rootObject = 37D5755C2077550600FA6E2F /* Project object */;
}
